// !$*UTF8*$!
{
	archiveVersion = 1;
	classes = {
	};
	objectVersion = 55;
	objects = {

/* Begin PBXBuildFile section */
		1EAEE483277BECE80038B6F6 /* FoodItem.swift in Sources */ = {isa = PBXBuildFile; fileRef = 1EAEE482277BECE80038B6F6 /* FoodItem.swift */; };
		1EAEE485277BF52F0038B6F6 /* OffsetKey.swift in Sources */ = {isa = PBXBuildFile; fileRef = 1EAEE484277BF52F0038B6F6 /* OffsetKey.swift */; };
		1EAEE487277BF54A0038B6F6 /* OffsetModifier.swift in Sources */ = {isa = PBXBuildFile; fileRef = 1EAEE486277BF54A0038B6F6 /* OffsetModifier.swift */; };
		1EC263AF2779FFEC00B81AD9 /* UberEatsMenuApp.swift in Sources */ = {isa = PBXBuildFile; fileRef = 1EC263AE2779FFEC00B81AD9 /* UberEatsMenuApp.swift */; };
		1EC263B12779FFEC00B81AD9 /* ContentView.swift in Sources */ = {isa = PBXBuildFile; fileRef = 1EC263B02779FFEC00B81AD9 /* ContentView.swift */; };
		1EC263B32779FFEE00B81AD9 /* Assets.xcassets in Resources */ = {isa = PBXBuildFile; fileRef = 1EC263B22779FFEE00B81AD9 /* Assets.xcassets */; };
		1EC263B62779FFEE00B81AD9 /* Preview Assets.xcassets in Resources */ = {isa = PBXBuildFile; fileRef = 1EC263B52779FFEE00B81AD9 /* Preview Assets.xcassets */; };
		1EC263BD277A014E00B81AD9 /* MenuBarOptions.swift in Sources */ = {isa = PBXBuildFile; fileRef = 1EC263BC277A014E00B81AD9 /* MenuBarOptions.swift */; };
		1EC263BF277A01F700B81AD9 /* MenuOptionsList.swift in Sources */ = {isa = PBXBuildFile; fileRef = 1EC263BE277A01F700B81AD9 /* MenuOptionsList.swift */; };
		1EC263C1277A040B00B81AD9 /* MenuItemSection.swift in Sources */ = {isa = PBXBuildFile; fileRef = 1EC263C0277A040B00B81AD9 /* MenuItemSection.swift */; };
/* End PBXBuildFile section */

/* Begin PBXFileReference section */
		1EAEE482277BECE80038B6F6 /* FoodItem.swift */ = {isa = PBXFileReference; lastKnownFileType = sourcecode.swift; path = FoodItem.swift; sourceTree = "<group>"; };
		1EAEE484277BF52F0038B6F6 /* OffsetKey.swift */ = {isa = PBXFileReference; lastKnownFileType = sourcecode.swift; path = OffsetKey.swift; sourceTree = "<group>"; };
		1EAEE486277BF54A0038B6F6 /* OffsetModifier.swift */ = {isa = PBXFileReference; lastKnownFileType = sourcecode.swift; path = OffsetModifier.swift; sourceTree = "<group>"; };
		1EC263AB2779FFEC00B81AD9 /* UberEatsMenu.app */ = {isa = PBXFileReference; explicitFileType = wrapper.application; includeInIndex = 0; path = UberEatsMenu.app; sourceTree = BUILT_PRODUCTS_DIR; };
		1EC263AE2779FFEC00B81AD9 /* UberEatsMenuApp.swift */ = {isa = PBXFileReference; lastKnownFileType = sourcecode.swift; path = UberEatsMenuApp.swift; sourceTree = "<group>"; };
		1EC263B02779FFEC00B81AD9 /* ContentView.swift */ = {isa = PBXFileReference; lastKnownFileType = sourcecode.swift; path = ContentView.swift; sourceTree = "<group>"; };
		1EC263B22779FFEE00B81AD9 /* Assets.xcassets */ = {isa = PBXFileReference; lastKnownFileType = folder.assetcatalog; path = Assets.xcassets; sourceTree = "<group>"; };
		1EC263B52779FFEE00B81AD9 /* Preview Assets.xcassets */ = {isa = PBXFileReference; lastKnownFileType = folder.assetcatalog; path = "Preview Assets.xcassets"; sourceTree = "<group>"; };
		1EC263BC277A014E00B81AD9 /* MenuBarOptions.swift */ = {isa = PBXFileReference; lastKnownFileType = sourcecode.swift; path = MenuBarOptions.swift; sourceTree = "<group>"; };
		1EC263BE277A01F700B81AD9 /* MenuOptionsList.swift */ = {isa = PBXFileReference; lastKnownFileType = sourcecode.swift; path = MenuOptionsList.swift; sourceTree = "<group>"; };
		1EC263C0277A040B00B81AD9 /* MenuItemSection.swift */ = {isa = PBXFileReference; lastKnownFileType = sourcecode.swift; path = MenuItemSection.swift; sourceTree = "<group>"; };
/* End PBXFileReference section */

/* Begin PBXFrameworksBuildPhase section */
		1EC263A82779FFEC00B81AD9 /* Frameworks */ = {
			isa = PBXFrameworksBuildPhase;
			buildActionMask = 2147483647;
			files = (
			);
			runOnlyForDeploymentPostprocessing = 0;
		};
/* End PBXFrameworksBuildPhase section */

/* Begin PBXGroup section */
		1EC263A22779FFEC00B81AD9 = {
			isa = PBXGroup;
			children = (
				1EC263AD2779FFEC00B81AD9 /* UberEatsMenu */,
				1EC263AC2779FFEC00B81AD9 /* Products */,
			);
			sourceTree = "<group>";
		};
		1EC263AC2779FFEC00B81AD9 /* Products */ = {
			isa = PBXGroup;
			children = (
				1EC263AB2779FFEC00B81AD9 /* UberEatsMenu.app */,
			);
			name = Products;
			sourceTree = "<group>";
		};
		1EC263AD2779FFEC00B81AD9 /* UberEatsMenu */ = {
			isa = PBXGroup;
			children = (
				1EC263AE2779FFEC00B81AD9 /* UberEatsMenuApp.swift */,
				1EC263B02779FFEC00B81AD9 /* ContentView.swift */,
				1EC263B22779FFEE00B81AD9 /* Assets.xcassets */,
				1EC263B42779FFEE00B81AD9 /* Preview Content */,
				1EC263BC277A014E00B81AD9 /* MenuBarOptions.swift */,
				1EC263BE277A01F700B81AD9 /* MenuOptionsList.swift */,
				1EC263C0277A040B00B81AD9 /* MenuItemSection.swift */,
				1EAEE482277BECE80038B6F6 /* FoodItem.swift */,
				1EAEE484277BF52F0038B6F6 /* OffsetKey.swift */,
				1EAEE486277BF54A0038B6F6 /* OffsetModifier.swift */,
			);
			path = UberEatsMenu;
			sourceTree = "<group>";
		};
		1EC263B42779FFEE00B81AD9 /* Preview Content */ = {
			isa = PBXGroup;
			children = (
				1EC263B52779FFEE00B81AD9 /* Preview Assets.xcassets */,
			);
			path = "Preview Content";
			sourceTree = "<group>";
		};
/* End PBXGroup section */

/* Begin PBXNativeTarget section */
		1EC263AA2779FFEC00B81AD9 /* UberEatsMenu */ = {
			isa = PBXNativeTarget;
			buildConfigurationList = 1EC263B92779FFEE00B81AD9 /* Build configuration list for PBXNativeTarget "UberEatsMenu" */;
			buildPhases = (
				1EC263A72779FFEC00B81AD9 /* Sources */,
				1EC263A82779FFEC00B81AD9 /* Frameworks */,
				1EC263A92779FFEC00B81AD9 /* Resources */,
			);
			buildRules = (
			);
			dependencies = (
			);
			name = UberEatsMenu;
			productName = UberEatsMenu;
			productReference = 1EC263AB2779FFEC00B81AD9 /* UberEatsMenu.app */;
			productType = "com.apple.product-type.application";
		};
/* End PBXNativeTarget section */

/* Begin PBXProject section */
		1EC263A32779FFEC00B81AD9 /* Project object */ = {
			isa = PBXProject;
			attributes = {
				BuildIndependentTargetsInParallel = 1;
				LastSwiftUpdateCheck = 1310;
				LastUpgradeCheck = 1310;
				TargetAttributes = {
					1EC263AA2779FFEC00B81AD9 = {
						CreatedOnToolsVersion = 13.1;
					};
				};
			};
			buildConfigurationList = 1EC263A62779FFEC00B81AD9 /* Build configuration list for PBXProject "UberEatsMenu" */;
			compatibilityVersion = "Xcode 13.0";
			developmentRegion = en;
			hasScannedForEncodings = 0;
			knownRegions = (
				en,
				Base,
			);
			mainGroup = 1EC263A22779FFEC00B81AD9;
			productRefGroup = 1EC263AC2779FFEC00B81AD9 /* Products */;
			projectDirPath = "";
			projectRoot = "";
			targets = (
				1EC263AA2779FFEC00B81AD9 /* UberEatsMenu */,
			);
		};
/* End PBXProject section */

/* Begin PBXResourcesBuildPhase section */
		1EC263A92779FFEC00B81AD9 /* Resources */ = {
			isa = PBXResourcesBuildPhase;
			buildActionMask = 2147483647;
			files = (
				1EC263B62779FFEE00B81AD9 /* Preview Assets.xcassets in Resources */,
				1EC263B32779FFEE00B81AD9 /* Assets.xcassets in Resources */,
			);
			runOnlyForDeploymentPostprocessing = 0;
		};
/* End PBXResourcesBuildPhase section */

/* Begin PBXSourcesBuildPhase section */
		1EC263A72779FFEC00B81AD9 /* Sources */ = {
			isa = PBXSourcesBuildPhase;
			buildActionMask = 2147483647;
			files = (
				1EC263B12779FFEC00B81AD9 /* ContentView.swift in Sources */,
				1EC263BF277A01F700B81AD9 /* MenuOptionsList.swift in Sources */,
				1EC263AF2779FFEC00B81AD9 /* UberEatsMenuApp.swift in Sources */,
				1EAEE485277BF52F0038B6F6 /* OffsetKey.swift in Sources */,
				1EC263C1277A040B00B81AD9 /* MenuItemSection.swift in Sources */,
				1EAEE487277BF54A0038B6F6 /* OffsetModifier.swift in Sources */,
				1EAEE483277BECE80038B6F6 /* FoodItem.swift in Sources */,
				1EC263BD277A014E00B81AD9 /* MenuBarOptions.swift in Sources */,
			);
			runOnlyForDeploymentPostprocessing = 0;
		};
/* End PBXSourcesBuildPhase section */

/* Begin XCBuildConfiguration section */
		1EC263B72779FFEE00B81AD9 /* Debug */ = {
			isa = XCBuildConfiguration;
			buildSettings = {
				ALWAYS_SEARCH_USER_PATHS = NO;
				CLANG_ANALYZER_NONNULL = YES;
				CLANG_ANALYZER_NUMBER_OBJECT_CONVERSION = YES_AGGRESSIVE;
				CLANG_CXX_LANGUAGE_STANDARD = "gnu++17";
				CLANG_CXX_LIBRARY = "libc++";
				CLANG_ENABLE_MODULES = YES;
				CLANG_ENABLE_OBJC_ARC = YES;
				CLANG_ENABLE_OBJC_WEAK = YES;
				CLANG_WARN_BLOCK_CAPTURE_AUTORELEASING = YES;
				CLANG_WARN_BOOL_CONVERSION = YES;
				CLANG_WARN_COMMA = YES;
				CLANG_WARN_CONSTANT_CONVERSION = YES;
				CLANG_WARN_DEPRECATED_OBJC_IMPLEMENTATIONS = YES;
				CLANG_WARN_DIRECT_OBJC_ISA_USAGE = YES_ERROR;
				CLANG_WARN_DOCUMENTATION_COMMENTS = YES;
				CLANG_WARN_EMPTY_BODY = YES;
				CLANG_WARN_ENUM_CONVERSION = YES;
				CLANG_WARN_INFINITE_RECURSION = YES;
				CLANG_WARN_INT_CONVERSION = YES;
				CLANG_WARN_NON_LITERAL_NULL_CONVERSION = YES;
				CLANG_WARN_OBJC_IMPLICIT_RETAIN_SELF = YES;
				CLANG_WARN_OBJC_LITERAL_CONVERSION = YES;
				CLANG_WARN_OBJC_ROOT_CLASS = YES_ERROR;
				CLANG_WARN_QUOTED_INCLUDE_IN_FRAMEWORK_HEADER = YES;
				CLANG_WARN_RANGE_LOOP_ANALYSIS = YES;
				CLANG_WARN_STRICT_PROTOTYPES = YES;
				CLANG_WARN_SUSPICIOUS_MOVE = YES;
				CLANG_WARN_UNGUARDED_AVAILABILITY = YES_AGGRESSIVE;
				CLANG_WARN_UNREACHABLE_CODE = YES;
				CLANG_WARN__DUPLICATE_METHOD_MATCH = YES;
				COPY_PHASE_STRIP = NO;
				DEBUG_INFORMATION_FORMAT = dwarf;
				ENABLE_STRICT_OBJC_MSGSEND = YES;
				ENABLE_TESTABILITY = YES;
				GCC_C_LANGUAGE_STANDARD = gnu11;
				GCC_DYNAMIC_NO_PIC = NO;
				GCC_NO_COMMON_BLOCKS = YES;
				GCC_OPTIMIZATION_LEVEL = 0;
				GCC_PREPROCESSOR_DEFINITIONS = (
					"DEBUG=1",
					"$(inherited)",
				);
				GCC_WARN_64_TO_32_BIT_CONVERSION = YES;
				GCC_WARN_ABOUT_RETURN_TYPE = YES_ERROR;
				GCC_WARN_UNDECLARED_SELECTOR = YES;
				GCC_WARN_UNINITIALIZED_AUTOS = YES_AGGRESSIVE;
				GCC_WARN_UNUSED_FUNCTION = YES;
				GCC_WARN_UNUSED_VARIABLE = YES;
				IPHONEOS_DEPLOYMENT_TARGET = 15.0;
				MTL_ENABLE_DEBUG_INFO = INCLUDE_SOURCE;
				MTL_FAST_MATH = YES;
				ONLY_ACTIVE_ARCH = YES;
				SDKROOT = iphoneos;
				SWIFT_ACTIVE_COMPILATION_CONDITIONS = DEBUG;
				SWIFT_OPTIMIZATION_LEVEL = "-Onone";
			};
			name = Debug;
		};
		1EC263B82779FFEE00B81AD9 /* Release */ = {
			isa = XCBuildConfiguration;
			buildSettings = {
				ALWAYS_SEARCH_USER_PATHS = NO;
				CLANG_ANALYZER_NONNULL = YES;
				CLANG_ANALYZER_NUMBER_OBJECT_CONVERSION = YES_AGGRESSIVE;
				CLANG_CXX_LANGUAGE_STANDARD = "gnu++17";
				CLANG_CXX_LIBRARY = "libc++";
				CLANG_ENABLE_MODULES = YES;
				CLANG_ENABLE_OBJC_ARC = YES;
				CLANG_ENABLE_OBJC_WEAK = YES;
				CLANG_WARN_BLOCK_CAPTURE_AUTORELEASING = YES;
				CLANG_WARN_BOOL_CONVERSION = YES;
				CLANG_WARN_COMMA = YES;
				CLANG_WARN_CONSTANT_CONVERSION = YES;
				CLANG_WARN_DEPRECATED_OBJC_IMPLEMENTATIONS = YES;
				CLANG_WARN_DIRECT_OBJC_ISA_USAGE = YES_ERROR;
				CLANG_WARN_DOCUMENTATION_COMMENTS = YES;
				CLANG_WARN_EMPTY_BODY = YES;
				CLANG_WARN_ENUM_CONVERSION = YES;
				CLANG_WARN_INFINITE_RECURSION = YES;
				CLANG_WARN_INT_CONVERSION = YES;
				CLANG_WARN_NON_LITERAL_NULL_CONVERSION = YES;
				CLANG_WARN_OBJC_IMPLICIT_RETAIN_SELF = YES;
				CLANG_WARN_OBJC_LITERAL_CONVERSION = YES;
				CLANG_WARN_OBJC_ROOT_CLASS = YES_ERROR;
				CLANG_WARN_QUOTED_INCLUDE_IN_FRAMEWORK_HEADER = YES;
				CLANG_WARN_RANGE_LOOP_ANALYSIS = YES;
				CLANG_WARN_STRICT_PROTOTYPES = YES;
				CLANG_WARN_SUSPICIOUS_MOVE = YES;
				CLANG_WARN_UNGUARDED_AVAILABILITY = YES_AGGRESSIVE;
				CLANG_WARN_UNREACHABLE_CODE = YES;
				CLANG_WARN__DUPLICATE_METHOD_MATCH = YES;
				COPY_PHASE_STRIP = NO;
				DEBUG_INFORMATION_FORMAT = "dwarf-with-dsym";
				ENABLE_NS_ASSERTIONS = NO;
				ENABLE_STRICT_OBJC_MSGSEND = YES;
				GCC_C_LANGUAGE_STANDARD = gnu11;
				GCC_NO_COMMON_BLOCKS = YES;
				GCC_WARN_64_TO_32_BIT_CONVERSION = YES;
				GCC_WARN_ABOUT_RETURN_TYPE = YES_ERROR;
				GCC_WARN_UNDECLARED_SELECTOR = YES;
				GCC_WARN_UNINITIALIZED_AUTOS = YES_AGGRESSIVE;
				GCC_WARN_UNUSED_FUNCTION = YES;
				GCC_WARN_UNUSED_VARIABLE = YES;
				IPHONEOS_DEPLOYMENT_TARGET = 15.0;
				MTL_ENABLE_DEBUG_INFO = NO;
				MTL_FAST_MATH = YES;
				SDKROOT = iphoneos;
				SWIFT_COMPILATION_MODE = wholemodule;
				SWIFT_OPTIMIZATION_LEVEL = "-O";
				VALIDATE_PRODUCT = YES;
			};
			name = Release;
		};
		1EC263BA2779FFEE00B81AD9 /* Debug */ = {
			isa = XCBuildConfiguration;
			buildSettings = {
				ASSETCATALOG_COMPILER_APPICON_NAME = AppIcon;
				ASSETCATALOG_COMPILER_GLOBAL_ACCENT_COLOR_NAME = AccentColor;
				CODE_SIGN_STYLE = Automatic;
				CURRENT_PROJECT_VERSION = 1;
				DEVELOPMENT_ASSET_PATHS = "\"UberEatsMenu/Preview Content\"";
				DEVELOPMENT_TEAM = 4FTFKXF8N5;
				ENABLE_PREVIEWS = YES;
				GENERATE_INFOPLIST_FILE = YES;
				INFOPLIST_KEY_UIApplicationSceneManifest_Generation = YES;
				INFOPLIST_KEY_UIApplicationSupportsIndirectInputEvents = YES;
				INFOPLIST_KEY_UILaunchScreen_Generation = YES;
				INFOPLIST_KEY_UISupportedInterfaceOrientations_iPad = "UIInterfaceOrientationPortrait UIInterfaceOrientationPortraitUpsideDown UIInterfaceOrientationLandscapeLeft UIInterfaceOrientationLandscapeRight";
				INFOPLIST_KEY_UISupportedInterfaceOrientations_iPhone = "UIInterfaceOrientationPortrait UIInterfaceOrientationLandscapeLeft UIInterfaceOrientationLandscapeRight";
				LD_RUNPATH_SEARCH_PATHS = (
					"$(inherited)",
					"@executable_path/Frameworks",
				);
				MARKETING_VERSION = 1.0;
				PRODUCT_BUNDLE_IDENTIFIER = com.jeongminkim.UberEatsMenu;
				PRODUCT_NAME = "$(TARGET_NAME)";
				SWIFT_EMIT_LOC_STRINGS = YES;
				SWIFT_VERSION = 5.0;
				TARGETED_DEVICE_FAMILY = "1,2";
			};
			name = Debug;
		};
		1EC263BB2779FFEE00B81AD9 /* Release */ = {
			isa = XCBuildConfiguration;
			buildSettings = {
				ASSETCATALOG_COMPILER_APPICON_NAME = AppIcon;
				ASSETCATALOG_COMPILER_GLOBAL_ACCENT_COLOR_NAME = AccentColor;
				CODE_SIGN_STYLE = Automatic;
				CURRENT_PROJECT_VERSION = 1;
				DEVELOPMENT_ASSET_PATHS = "\"UberEatsMenu/Preview Content\"";
				DEVELOPMENT_TEAM = 4FTFKXF8N5;
				ENABLE_PREVIEWS = YES;
				GENERATE_INFOPLIST_FILE = YES;
				INFOPLIST_KEY_UIApplicationSceneManifest_Generation = YES;
				INFOPLIST_KEY_UIApplicationSupportsIndirectInputEvents = YES;
				INFOPLIST_KEY_UILaunchScreen_Generation = YES;
				INFOPLIST_KEY_UISupportedInterfaceOrientations_iPad = "UIInterfaceOrientationPortrait UIInterfaceOrientationPortraitUpsideDown UIInterfaceOrientationLandscapeLeft UIInterfaceOrientationLandscapeRight";
				INFOPLIST_KEY_UISupportedInterfaceOrientations_iPhone = "UIInterfaceOrientationPortrait UIInterfaceOrientationLandscapeLeft UIInterfaceOrientationLandscapeRight";
				LD_RUNPATH_SEARCH_PATHS = (
					"$(inherited)",
					"@executable_path/Frameworks",
				);
				MARKETING_VERSION = 1.0;
				PRODUCT_BUNDLE_IDENTIFIER = com.jeongminkim.UberEatsMenu;
				PRODUCT_NAME = "$(TARGET_NAME)";
				SWIFT_EMIT_LOC_STRINGS = YES;
				SWIFT_VERSION = 5.0;
				TARGETED_DEVICE_FAMILY = "1,2";
			};
			name = Release;
		};
/* End XCBuildConfiguration section */

/* Begin XCConfigurationList section */
		1EC263A62779FFEC00B81AD9 /* Build configuration list for PBXProject "UberEatsMenu" */ = {
			isa = XCConfigurationList;
			buildConfigurations = (
				1EC263B72779FFEE00B81AD9 /* Debug */,
				1EC263B82779FFEE00B81AD9 /* Release */,
			);
			defaultConfigurationIsVisible = 0;
			defaultConfigurationName = Release;
		};
		1EC263B92779FFEE00B81AD9 /* Build configuration list for PBXNativeTarget "UberEatsMenu" */ = {
			isa = XCConfigurationList;
			buildConfigurations = (
				1EC263BA2779FFEE00B81AD9 /* Debug */,
				1EC263BB2779FFEE00B81AD9 /* Release */,
			);
			defaultConfigurationIsVisible = 0;
			defaultConfigurationName = Release;
		};
/* End XCConfigurationList section */
	};
	rootObject = 1EC263A32779FFEC00B81AD9 /* Project object */;
}
